
Microsoft Visual Studio Solution File, Format Version 12.00
# Visual Studio 15
VisualStudioVersion = 15.0.27703.2042
MinimumVisualStudioVersion = 10.0.40219.1
Project("{FAE04EC0-301F-11D3-BF4B-00C04F79EFBC}") = "BaseTypes", "BaseTypes\BaseTypes.csproj", "{B7897040-E8DE-46E4-8C81-B129E7A5B24B}"
EndProject
Global
	GlobalSection(SolutionConfigurationPlatforms) = preSolution
		Debug|Any CPU = Debug|Any CPU
		Release|Any CPU = Release|Any CPU
	EndGlobalSection
	GlobalSection(ProjectConfigurationPlatforms) = postSolution
		{B7897040-E8DE-46E4-8C81-B129E7A5B24B}.Debug|Any CPU.ActiveCfg = Debug|Any CPU
		{B7897040-E8DE-46E4-8C81-B129E7A5B24B}.Debug|Any CPU.Build.0 = Debug|Any CPU
		{B7897040-E8DE-46E4-8C81-B129E7A5B24B}.Release|Any CPU.ActiveCfg = Release|Any CPU
		{B7897040-E8DE-46E4-8C81-B129E7A5B24B}.Release|Any CPU.Build.0 = Release|Any CPU
	EndGlobalSection
	GlobalSection(SolutionProperties) = preSolution
		HideSolutionNode = FALSE
	EndGlobalSection
	GlobalSection(ExtensibilityGlobals) = postSolution
		SolutionGuid = {AEECA265-BA4D-401B-8005-909E344C855F}
	EndGlobalSection
EndGlobal
